
Microsoft Visual Studio Solution File, Format Version 12.00
# Visual Studio Version 17
VisualStudioVersion = 17.10.35013.160
MinimumVisualStudioVersion = 10.0.40219.1
Project("{8BC9CEB8-8B4A-11D0-8D11-00A0C91BC942}") = "C-20240718", "C-20240718\C-20240718.vcxproj", "{9FA13143-75B7-4217-AADD-D7E1C725FC78}"
EndProject
Global
	GlobalSection(SolutionConfigurationPlatforms) = preSolution
		Debug|x64 = Debug|x64
		Debug|x86 = Debug|x86
		Release|x64 = Release|x64
		Release|x86 = Release|x86
	EndGlobalSection
	GlobalSection(ProjectConfigurationPlatforms) = postSolution
		{9FA13143-75B7-4217-AADD-D7E1C725FC78}.Debug|x64.ActiveCfg = Debug|x64
		{9FA13143-75B7-4217-AADD-D7E1C725FC78}.Debug|x64.Build.0 = Debug|x64
		{9FA13143-75B7-4217-AADD-D7E1C725FC78}.Debug|x86.ActiveCfg = Debug|Win32
		{9FA13143-75B7-4217-AADD-D7E1C725FC78}.Debug|x86.Build.0 = Debug|Win32
		{9FA13143-75B7-4217-AADD-D7E1C725FC78}.Release|x64.ActiveCfg = Release|x64
		{9FA13143-75B7-4217-AADD-D7E1C725FC78}.Release|x64.Build.0 = Release|x64
		{9FA13143-75B7-4217-AADD-D7E1C725FC78}.Release|x86.ActiveCfg = Release|Win32
		{9FA13143-75B7-4217-AADD-D7E1C725FC78}.Release|x86.Build.0 = Release|Win32
	EndGlobalSection
	GlobalSection(SolutionProperties) = preSolution
		HideSolutionNode = FALSE
	EndGlobalSection
	GlobalSection(ExtensibilityGlobals) = postSolution
		SolutionGuid = {AAEB084A-F066-4064-94E6-0B1918B3D2DB}
	EndGlobalSection
EndGlobal
